# This file is autogenerated, do not edit; changes may be undone by the next 'dep ensure'.


[[projects]]
  branch = "master"
  name = "golang.org/x/net"
  packages = ["context","context/ctxhttp"]
  revision = "cbe0f9307d0156177f9dd5dc85da1a31abc5f2fb"

[[projects]]
  branch = "master"
  name = "googlemaps.github.io/maps"
  packages = [".","internal"]
  revision = "5d92dee1f24924c5627fdb48fe088004b031425a"

[solve-meta]
  analyzer-name = "dep"
  analyzer-version = 1
  inputs-digest = "dfd1e871cd704cf3e967f07d16d924ea59440dba6d16a052b0d65e91090c7e75"
  solver-name = "gps-cdcl"
  solver-version = 1
